
Microsoft Visual Studio Solution File, Format Version 12.00
# Visual Studio Version 17
VisualStudioVersion = 17.2.32630.192
MinimumVisualStudioVersion = 10.0.40219.1
Project("{FAE04EC0-301F-11D3-BF4B-00C04F79EFBC}") = "tryCatch", "tryCatch\tryCatch.csproj", "{24300ADA-1D55-4AFD-B116-0E541E9EEE6A}"
EndProject
Global
	GlobalSection(SolutionConfigurationPlatforms) = preSolution
		Debug|Any CPU = Debug|Any CPU
		Release|Any CPU = Release|Any CPU
	EndGlobalSection
	GlobalSection(ProjectConfigurationPlatforms) = postSolution
		{24300ADA-1D55-4AFD-B116-0E541E9EEE6A}.Debug|Any CPU.ActiveCfg = Debug|Any CPU
		{24300ADA-1D55-4AFD-B116-0E541E9EEE6A}.Debug|Any CPU.Build.0 = Debug|Any CPU
		{24300ADA-1D55-4AFD-B116-0E541E9EEE6A}.Release|Any CPU.ActiveCfg = Release|Any CPU
		{24300ADA-1D55-4AFD-B116-0E541E9EEE6A}.Release|Any CPU.Build.0 = Release|Any CPU
	EndGlobalSection
	GlobalSection(SolutionProperties) = preSolution
		HideSolutionNode = FALSE
	EndGlobalSection
	GlobalSection(ExtensibilityGlobals) = postSolution
		SolutionGuid = {0838E0F1-9DC7-4E0B-AF13-7B60BDCF2035}
	EndGlobalSection
EndGlobal
